
Microsoft Visual Studio Solution File, Format Version 12.00
# Visual Studio Version 17
VisualStudioVersion = 17.3.32929.385
MinimumVisualStudioVersion = 10.0.40219.1
Project("{FAE04EC0-301F-11D3-BF4B-00C04F79EFBC}") = "RallyApp", "RallyApp\RallyApp.csproj", "{26FA1A23-3F3E-4639-A2E1-0C3A73D34433}"
	ProjectSection(ProjectDependencies) = postProject
		{4F1DC876-87EE-4A0E-A3B9-9C2D902DE0EB} = {4F1DC876-87EE-4A0E-A3B9-9C2D902DE0EB}
		{538BFFC3-AC39-4F25-8E70-85BB840F2FA5} = {538BFFC3-AC39-4F25-8E70-85BB840F2FA5}
		{81BC76B2-2152-4AF1-90F0-F123A5239008} = {81BC76B2-2152-4AF1-90F0-F123A5239008}
		{C2FD2350-D5BC-482E-BF0A-0A836F38767E} = {C2FD2350-D5BC-482E-BF0A-0A836F38767E}
		{C499FEED-319F-4355-ADE5-CEB9933E1CA8} = {C499FEED-319F-4355-ADE5-CEB9933E1CA8}
	EndProjectSection
EndProject
Project("{FAE04EC0-301F-11D3-BF4B-00C04F79EFBC}") = "Entities", "Entities\Entities.csproj", "{C2FD2350-D5BC-482E-BF0A-0A836F38767E}"
EndProject
Project("{FAE04EC0-301F-11D3-BF4B-00C04F79EFBC}") = "Vues", "Vues\Vues.csproj", "{C499FEED-319F-4355-ADE5-CEB9933E1CA8}"
	ProjectSection(ProjectDependencies) = postProject
		{538BFFC3-AC39-4F25-8E70-85BB840F2FA5} = {538BFFC3-AC39-4F25-8E70-85BB840F2FA5}
		{81BC76B2-2152-4AF1-90F0-F123A5239008} = {81BC76B2-2152-4AF1-90F0-F123A5239008}
		{C2FD2350-D5BC-482E-BF0A-0A836F38767E} = {C2FD2350-D5BC-482E-BF0A-0A836F38767E}
	EndProjectSection
EndProject
Project("{FAE04EC0-301F-11D3-BF4B-00C04F79EFBC}") = "Logic", "Logic\Logic.csproj", "{81BC76B2-2152-4AF1-90F0-F123A5239008}"
	ProjectSection(ProjectDependencies) = postProject
		{538BFFC3-AC39-4F25-8E70-85BB840F2FA5} = {538BFFC3-AC39-4F25-8E70-85BB840F2FA5}
	EndProjectSection
EndProject
Project("{FAE04EC0-301F-11D3-BF4B-00C04F79EFBC}") = "Services", "Services\Services.csproj", "{4F1DC876-87EE-4A0E-A3B9-9C2D902DE0EB}"
	ProjectSection(ProjectDependencies) = postProject
		{538BFFC3-AC39-4F25-8E70-85BB840F2FA5} = {538BFFC3-AC39-4F25-8E70-85BB840F2FA5}
		{81BC76B2-2152-4AF1-90F0-F123A5239008} = {81BC76B2-2152-4AF1-90F0-F123A5239008}
		{C2FD2350-D5BC-482E-BF0A-0A836F38767E} = {C2FD2350-D5BC-482E-BF0A-0A836F38767E}
		{C499FEED-319F-4355-ADE5-CEB9933E1CA8} = {C499FEED-319F-4355-ADE5-CEB9933E1CA8}
	EndProjectSection
EndProject
Project("{FAE04EC0-301F-11D3-BF4B-00C04F79EFBC}") = "Data", "Data\Data.csproj", "{538BFFC3-AC39-4F25-8E70-85BB840F2FA5}"
	ProjectSection(ProjectDependencies) = postProject
		{C2FD2350-D5BC-482E-BF0A-0A836F38767E} = {C2FD2350-D5BC-482E-BF0A-0A836F38767E}
	EndProjectSection
EndProject
Global
	GlobalSection(SolutionConfigurationPlatforms) = preSolution
		Debug|Any CPU = Debug|Any CPU
		Release|Any CPU = Release|Any CPU
	EndGlobalSection
	GlobalSection(ProjectConfigurationPlatforms) = postSolution
		{26FA1A23-3F3E-4639-A2E1-0C3A73D34433}.Debug|Any CPU.ActiveCfg = Debug|Any CPU
		{26FA1A23-3F3E-4639-A2E1-0C3A73D34433}.Debug|Any CPU.Build.0 = Debug|Any CPU
		{26FA1A23-3F3E-4639-A2E1-0C3A73D34433}.Release|Any CPU.ActiveCfg = Release|Any CPU
		{26FA1A23-3F3E-4639-A2E1-0C3A73D34433}.Release|Any CPU.Build.0 = Release|Any CPU
		{C2FD2350-D5BC-482E-BF0A-0A836F38767E}.Debug|Any CPU.ActiveCfg = Debug|Any CPU
		{C2FD2350-D5BC-482E-BF0A-0A836F38767E}.Debug|Any CPU.Build.0 = Debug|Any CPU
		{C2FD2350-D5BC-482E-BF0A-0A836F38767E}.Release|Any CPU.ActiveCfg = Release|Any CPU
		{C2FD2350-D5BC-482E-BF0A-0A836F38767E}.Release|Any CPU.Build.0 = Release|Any CPU
		{C499FEED-319F-4355-ADE5-CEB9933E1CA8}.Debug|Any CPU.ActiveCfg = Debug|Any CPU
		{C499FEED-319F-4355-ADE5-CEB9933E1CA8}.Debug|Any CPU.Build.0 = Debug|Any CPU
		{C499FEED-319F-4355-ADE5-CEB9933E1CA8}.Release|Any CPU.ActiveCfg = Release|Any CPU
		{C499FEED-319F-4355-ADE5-CEB9933E1CA8}.Release|Any CPU.Build.0 = Release|Any CPU
		{81BC76B2-2152-4AF1-90F0-F123A5239008}.Debug|Any CPU.ActiveCfg = Debug|Any CPU
		{81BC76B2-2152-4AF1-90F0-F123A5239008}.Debug|Any CPU.Build.0 = Debug|Any CPU
		{81BC76B2-2152-4AF1-90F0-F123A5239008}.Release|Any CPU.ActiveCfg = Release|Any CPU
		{81BC76B2-2152-4AF1-90F0-F123A5239008}.Release|Any CPU.Build.0 = Release|Any CPU
		{4F1DC876-87EE-4A0E-A3B9-9C2D902DE0EB}.Debug|Any CPU.ActiveCfg = Debug|Any CPU
		{4F1DC876-87EE-4A0E-A3B9-9C2D902DE0EB}.Debug|Any CPU.Build.0 = Debug|Any CPU
		{4F1DC876-87EE-4A0E-A3B9-9C2D902DE0EB}.Release|Any CPU.ActiveCfg = Release|Any CPU
		{4F1DC876-87EE-4A0E-A3B9-9C2D902DE0EB}.Release|Any CPU.Build.0 = Release|Any CPU
		{538BFFC3-AC39-4F25-8E70-85BB840F2FA5}.Debug|Any CPU.ActiveCfg = Debug|Any CPU
		{538BFFC3-AC39-4F25-8E70-85BB840F2FA5}.Debug|Any CPU.Build.0 = Debug|Any CPU
		{538BFFC3-AC39-4F25-8E70-85BB840F2FA5}.Release|Any CPU.ActiveCfg = Release|Any CPU
		{538BFFC3-AC39-4F25-8E70-85BB840F2FA5}.Release|Any CPU.Build.0 = Release|Any CPU
	EndGlobalSection
	GlobalSection(SolutionProperties) = preSolution
		HideSolutionNode = FALSE
	EndGlobalSection
	GlobalSection(ExtensibilityGlobals) = postSolution
		SolutionGuid = {59F8561C-0550-48FE-B952-FF67E787AB7C}
	EndGlobalSection
EndGlobal
